
Microsoft Visual Studio Solution File, Format Version 12.00
# Visual Studio Version 17
VisualStudioVersion = 17.4.33205.214
MinimumVisualStudioVersion = 10.0.40219.1
Project("{9A19103F-16F7-4668-BE54-9A1E7A4F7556}") = "VRP.API", "VRP.API\VRP.API.csproj", "{B558711E-7AA9-4CCA-B05A-AFE37737E606}"
EndProject
Project("{FAE04EC0-301F-11D3-BF4B-00C04F79EFBC}") = "VRP.MVC", "VRP.MVC\VRP.MVC.csproj", "{3EB71AA3-F5C4-4E94-AB89-EDA80F59371E}"
EndProject
Global
	GlobalSection(SolutionConfigurationPlatforms) = preSolution
		Debug|Any CPU = Debug|Any CPU
		Release|Any CPU = Release|Any CPU
	EndGlobalSection
	GlobalSection(ProjectConfigurationPlatforms) = postSolution
		{B558711E-7AA9-4CCA-B05A-AFE37737E606}.Debug|Any CPU.ActiveCfg = Debug|Any CPU
		{B558711E-7AA9-4CCA-B05A-AFE37737E606}.Debug|Any CPU.Build.0 = Debug|Any CPU
		{B558711E-7AA9-4CCA-B05A-AFE37737E606}.Release|Any CPU.ActiveCfg = Release|Any CPU
		{B558711E-7AA9-4CCA-B05A-AFE37737E606}.Release|Any CPU.Build.0 = Release|Any CPU
		{3EB71AA3-F5C4-4E94-AB89-EDA80F59371E}.Debug|Any CPU.ActiveCfg = Debug|Any CPU
		{3EB71AA3-F5C4-4E94-AB89-EDA80F59371E}.Debug|Any CPU.Build.0 = Debug|Any CPU
		{3EB71AA3-F5C4-4E94-AB89-EDA80F59371E}.Release|Any CPU.ActiveCfg = Release|Any CPU
		{3EB71AA3-F5C4-4E94-AB89-EDA80F59371E}.Release|Any CPU.Build.0 = Release|Any CPU
	EndGlobalSection
	GlobalSection(SolutionProperties) = preSolution
		HideSolutionNode = FALSE
	EndGlobalSection
	GlobalSection(ExtensibilityGlobals) = postSolution
		SolutionGuid = {54C94A52-8E1C-4432-9C97-EB7874D1A5A5}
	EndGlobalSection
EndGlobal
